
Microsoft Visual Studio Solution File, Format Version 12.00
# Visual Studio Version 17
VisualStudioVersion = 17.8.34330.188
MinimumVisualStudioVersion = 10.0.40219.1
Project("{FAE04EC0-301F-11D3-BF4B-00C04F79EFBC}") = "Zoo Management System", "Zoo Management System\Zoo Management System.csproj", "{383C95E3-9DD1-4096-9EC9-CF7BC97170A1}"
EndProject
Global
	GlobalSection(SolutionConfigurationPlatforms) = preSolution
		Debug|Any CPU = Debug|Any CPU
		Release|Any CPU = Release|Any CPU
	EndGlobalSection
	GlobalSection(ProjectConfigurationPlatforms) = postSolution
		{383C95E3-9DD1-4096-9EC9-CF7BC97170A1}.Debug|Any CPU.ActiveCfg = Debug|Any CPU
		{383C95E3-9DD1-4096-9EC9-CF7BC97170A1}.Debug|Any CPU.Build.0 = Debug|Any CPU
		{383C95E3-9DD1-4096-9EC9-CF7BC97170A1}.Release|Any CPU.ActiveCfg = Release|Any CPU
		{383C95E3-9DD1-4096-9EC9-CF7BC97170A1}.Release|Any CPU.Build.0 = Release|Any CPU
	EndGlobalSection
	GlobalSection(SolutionProperties) = preSolution
		HideSolutionNode = FALSE
	EndGlobalSection
	GlobalSection(ExtensibilityGlobals) = postSolution
		SolutionGuid = {18AC7104-F05F-4009-BAC6-EF25034228EE}
	EndGlobalSection
EndGlobal
